Microsoft Visual Studio Solution File, Format Version 12.00
# Visual Studio Version 17
VisualStudioVersion = 17.5.2.0
MinimumVisualStudioVersion = 10.0.40219.1
Project("{FAE04EC0-301F-11D3-BF4B-00C04F79EFBC}") = "Send", "Send\Send.csproj", "{BE4CA945-2A6E-93CD-B1A7-821926D74F45}"
EndProject
Project("{FAE04EC0-301F-11D3-BF4B-00C04F79EFBC}") = "Receive", "Receive\Receive.csproj", "{5DFDE5E2-4810-6F6A-F8BF-29B2EF5E57E3}"
EndProject
Global
	GlobalSection(SolutionConfigurationPlatforms) = preSolution
		Debug|Any CPU = Debug|Any CPU
		Release|Any CPU = Release|Any CPU
	EndGlobalSection
	GlobalSection(ProjectConfigurationPlatforms) = postSolution
		{BE4CA945-2A6E-93CD-B1A7-821926D74F45}.Debug|Any CPU.ActiveCfg = Debug|Any CPU
		{BE4CA945-2A6E-93CD-B1A7-821926D74F45}.Debug|Any CPU.Build.0 = Debug|Any CPU
		{BE4CA945-2A6E-93CD-B1A7-821926D74F45}.Release|Any CPU.ActiveCfg = Release|Any CPU
		{BE4CA945-2A6E-93CD-B1A7-821926D74F45}.Release|Any CPU.Build.0 = Release|Any CPU
		{5DFDE5E2-4810-6F6A-F8BF-29B2EF5E57E3}.Debug|Any CPU.ActiveCfg = Debug|Any CPU
		{5DFDE5E2-4810-6F6A-F8BF-29B2EF5E57E3}.Debug|Any CPU.Build.0 = Debug|Any CPU
		{5DFDE5E2-4810-6F6A-F8BF-29B2EF5E57E3}.Release|Any CPU.ActiveCfg = Release|Any CPU
		{5DFDE5E2-4810-6F6A-F8BF-29B2EF5E57E3}.Release|Any CPU.Build.0 = Release|Any CPU
	EndGlobalSection
	GlobalSection(SolutionProperties) = preSolution
		HideSolutionNode = FALSE
	EndGlobalSection
	GlobalSection(ExtensibilityGlobals) = postSolution
		SolutionGuid = {5FC7450A-13EB-4185-A559-98CDBEF08136}
	EndGlobalSection
EndGlobal
